
Microsoft Visual Studio Solution File, Format Version 12.00
# Visual Studio 2012
Project("{FAE04EC0-301F-11D3-BF4B-00C04F79EFBC}") = "OdeToFood", "OdeToFood\OdeToFood.csproj", "{1450558D-256F-4F0C-B900-DAEFAB9FE4EF}"
EndProject
Project("{FAE04EC0-301F-11D3-BF4B-00C04F79EFBC}") = "OdeToFood.Tests", "OdeToFood.Tests\OdeToFood.Tests.csproj", "{BCC45987-CC6D-414B-98E4-665AC50A8FED}"
EndProject
Global
	GlobalSection(SolutionConfigurationPlatforms) = preSolution
		Debug|Any CPU = Debug|Any CPU
		Release|Any CPU = Release|Any CPU
	EndGlobalSection
	GlobalSection(ProjectConfigurationPlatforms) = postSolution
		{1450558D-256F-4F0C-B900-DAEFAB9FE4EF}.Debug|Any CPU.ActiveCfg = Debug|Any CPU
		{1450558D-256F-4F0C-B900-DAEFAB9FE4EF}.Debug|Any CPU.Build.0 = Debug|Any CPU
		{1450558D-256F-4F0C-B900-DAEFAB9FE4EF}.Release|Any CPU.ActiveCfg = Release|Any CPU
		{1450558D-256F-4F0C-B900-DAEFAB9FE4EF}.Release|Any CPU.Build.0 = Release|Any CPU
		{BCC45987-CC6D-414B-98E4-665AC50A8FED}.Debug|Any CPU.ActiveCfg = Debug|Any CPU
		{BCC45987-CC6D-414B-98E4-665AC50A8FED}.Debug|Any CPU.Build.0 = Debug|Any CPU
		{BCC45987-CC6D-414B-98E4-665AC50A8FED}.Release|Any CPU.ActiveCfg = Release|Any CPU
		{BCC45987-CC6D-414B-98E4-665AC50A8FED}.Release|Any CPU.Build.0 = Release|Any CPU
	EndGlobalSection
	GlobalSection(SolutionProperties) = preSolution
		HideSolutionNode = FALSE
	EndGlobalSection
EndGlobal
